
Microsoft Visual Studio Solution File, Format Version 12.00
# Visual Studio Version 17
VisualStudioVersion = 17.5.33424.131
MinimumVisualStudioVersion = 10.0.40219.1
Project("{2150E333-8FDC-42A3-9474-1A3956D46DE8}") = "1_Creational_Patterns", "1_Creational_Patterns", "{61B0A045-9E39-43A0-A55B-65C6C43B7470}"
EndProject
Project("{2150E333-8FDC-42A3-9474-1A3956D46DE8}") = "2_Structural_Patterns", "2_Structural_Patterns", "{C72258B5-9A89-47AB-BC1E-D148E0A1DE70}"
EndProject
Project("{2150E333-8FDC-42A3-9474-1A3956D46DE8}") = "3_Behavioural_Patterns", "3_Behavioural_Patterns", "{A5491CE1-C0DC-489E-98CE-13DFD5E68AF3}"
EndProject
Project("{9A19103F-16F7-4668-BE54-9A1E7A4F7556}") = "Singleton", "Singleton\Singleton.csproj", "{3FDF0461-A8F2-456A-AD00-DAE87692E41A}"
EndProject
Project("{9A19103F-16F7-4668-BE54-9A1E7A4F7556}") = "SingletonMultiThread", "SingletonMultiThread\SingletonMultiThread.csproj", "{30A42FA5-C155-4395-B922-B7483E523438}"
EndProject
Project("{9A19103F-16F7-4668-BE54-9A1E7A4F7556}") = "Prototype", "Prototype\Prototype.csproj", "{39312CF6-3C7E-4544-A0FF-EF70C7EB5038}"
EndProject
Project("{9A19103F-16F7-4668-BE54-9A1E7A4F7556}") = "PrototypeAnotherExample", "PrototypeAnotherExample\PrototypeAnotherExample.csproj", "{6B98F475-893F-4463-BE23-26CC8C09FEFE}"
EndProject
Project("{9A19103F-16F7-4668-BE54-9A1E7A4F7556}") = "FactoryMethod", "FactoryMethod\FactoryMethod.csproj", "{6D606AFA-1A81-4DF1-8F24-1EA6B5C33DE1}"
EndProject
Project("{9A19103F-16F7-4668-BE54-9A1E7A4F7556}") = "FactoryMethodAnotherExample", "FactoryMethodAnotherExample\FactoryMethodAnotherExample.csproj", "{6A4EB624-B73C-4972-8D53-6BDD65E90F83}"
EndProject
Project("{9A19103F-16F7-4668-BE54-9A1E7A4F7556}") = "AbstractFactory", "AbstractFactory\AbstractFactory.csproj", "{F15F500D-73E4-4C58-863D-AF620EEC84B0}"
EndProject
Project("{9A19103F-16F7-4668-BE54-9A1E7A4F7556}") = "AbstractFactoryAnotherExample", "AbstractFactoryAnotherExample\AbstractFactoryAnotherExample.csproj", "{11E7D4C3-6D93-4D3D-8F12-EF4F40A0F947}"
EndProject
Project("{9A19103F-16F7-4668-BE54-9A1E7A4F7556}") = "Builder", "Builder\Builder.csproj", "{C0D4E145-ECA6-41CE-BE5B-E0EFF91DD088}"
EndProject
Project("{9A19103F-16F7-4668-BE54-9A1E7A4F7556}") = "BuilderWithDirector", "BuilderWithDirector\BuilderWithDirector.csproj", "{C7C1B97A-6290-43C9-BCBA-22CBC6CE31B6}"
EndProject
Project("{9A19103F-16F7-4668-BE54-9A1E7A4F7556}") = "Adapter", "Adapter\Adapter.csproj", "{65BF5746-04AE-4E78-B015-CF2FA658DF19}"
EndProject
Project("{9A19103F-16F7-4668-BE54-9A1E7A4F7556}") = "Bridge", "Bridge\Bridge.csproj", "{2D2FD47C-131A-46CB-8910-4B33A1F4740E}"
EndProject
Project("{9A19103F-16F7-4668-BE54-9A1E7A4F7556}") = "Composite", "Composite\Composite.csproj", "{89CCD875-57F9-43C2-B3D9-10624C22BBDE}"
EndProject
Project("{9A19103F-16F7-4668-BE54-9A1E7A4F7556}") = "Decorator", "Decorator\Decorator.csproj", "{9062F136-D62F-4C26-9396-2A9C0B31ED24}"
EndProject
Project("{9A19103F-16F7-4668-BE54-9A1E7A4F7556}") = "DecoratorAnotherExample", "DecoratorAnotherExample\DecoratorAnotherExample.csproj", "{B38766EC-510A-4AEB-B064-2C4DE9902224}"
EndProject
Project("{9A19103F-16F7-4668-BE54-9A1E7A4F7556}") = "Facade", "Facade\Facade.csproj", "{C2C4ADFE-76F8-4351-9D1A-837407B95E74}"
EndProject
Project("{9A19103F-16F7-4668-BE54-9A1E7A4F7556}") = "Flyweight", "Flyweight\Flyweight.csproj", "{AD620D46-9680-4576-82C5-B19988130FE6}"
EndProject
Project("{9A19103F-16F7-4668-BE54-9A1E7A4F7556}") = "Proxy", "Proxy\Proxy.csproj", "{5371B8CA-B8E8-46AE-8653-1AA430084DEE}"
EndProject
Project("{9A19103F-16F7-4668-BE54-9A1E7A4F7556}") = "BuilderBadExample", "BuilderBadExample\BuilderBadExample.csproj", "{67D110CD-177E-4335-897F-C4563EBBADE8}"
EndProject
Project("{FAE04EC0-301F-11D3-BF4B-00C04F79EFBC}") = "ChainOfResponsibility", "ChainOfResponsibility\ChainOfResponsibility.csproj", "{06507AB5-F257-4EB1-AF34-B4034261952E}"
EndProject
Project("{FAE04EC0-301F-11D3-BF4B-00C04F79EFBC}") = "Command", "Command\Command.csproj", "{0379D724-9B01-4E2B-AE3C-0ABC5FEA479C}"
EndProject
Project("{FAE04EC0-301F-11D3-BF4B-00C04F79EFBC}") = "Iterator", "Iterator\Iterator.csproj", "{28991B47-246C-4EAB-9222-409F2DD89087}"
EndProject
Project("{FAE04EC0-301F-11D3-BF4B-00C04F79EFBC}") = "Mediator", "Mediator\Mediator.csproj", "{0E7C40F3-7248-41D6-B003-0CD61CAB03EE}"
EndProject
Project("{FAE04EC0-301F-11D3-BF4B-00C04F79EFBC}") = "Memento", "Memento\Memento.csproj", "{C26BA76F-AD7B-415F-97B1-7826FAA97E99}"
EndProject
Project("{FAE04EC0-301F-11D3-BF4B-00C04F79EFBC}") = "MementoAnotherExample", "MementoAnotherExample\MementoAnotherExample.csproj", "{3BC63424-20A4-4DB4-8371-81A3ADCEC4B6}"
EndProject
Project("{FAE04EC0-301F-11D3-BF4B-00C04F79EFBC}") = "Observer", "Observer\Observer.csproj", "{4ECEC018-34CF-44DC-A679-4EEEA519C6E8}"
EndProject
Project("{FAE04EC0-301F-11D3-BF4B-00C04F79EFBC}") = "State", "State\State.csproj", "{23D6CE37-1D25-49F0-A5B5-2ACEFE792E74}"
EndProject
Project("{FAE04EC0-301F-11D3-BF4B-00C04F79EFBC}") = "Strategy", "Strategy\Strategy.csproj", "{AE707F46-E094-481F-8FA0-8369087518B2}"
EndProject
Project("{FAE04EC0-301F-11D3-BF4B-00C04F79EFBC}") = "TemplateMethod", "TemplateMethod\TemplateMethod.csproj", "{4CAD3719-D1F4-488C-8FAF-46DE7072B54D}"
EndProject
Project("{FAE04EC0-301F-11D3-BF4B-00C04F79EFBC}") = "Visitor", "Visitor\Visitor.csproj", "{9717B140-AA76-4572-89BF-A1CDFF8A2DD9}"
EndProject
Global
	GlobalSection(SolutionConfigurationPlatforms) = preSolution
		Debug|Any CPU = Debug|Any CPU
		Release|Any CPU = Release|Any CPU
	EndGlobalSection
	GlobalSection(ProjectConfigurationPlatforms) = postSolution
		{3FDF0461-A8F2-456A-AD00-DAE87692E41A}.Debug|Any CPU.ActiveCfg = Debug|Any CPU
		{3FDF0461-A8F2-456A-AD00-DAE87692E41A}.Debug|Any CPU.Build.0 = Debug|Any CPU
		{3FDF0461-A8F2-456A-AD00-DAE87692E41A}.Release|Any CPU.ActiveCfg = Release|Any CPU
		{3FDF0461-A8F2-456A-AD00-DAE87692E41A}.Release|Any CPU.Build.0 = Release|Any CPU
		{30A42FA5-C155-4395-B922-B7483E523438}.Debug|Any CPU.ActiveCfg = Debug|Any CPU
		{30A42FA5-C155-4395-B922-B7483E523438}.Debug|Any CPU.Build.0 = Debug|Any CPU
		{30A42FA5-C155-4395-B922-B7483E523438}.Release|Any CPU.ActiveCfg = Release|Any CPU
		{30A42FA5-C155-4395-B922-B7483E523438}.Release|Any CPU.Build.0 = Release|Any CPU
		{39312CF6-3C7E-4544-A0FF-EF70C7EB5038}.Debug|Any CPU.ActiveCfg = Debug|Any CPU
		{39312CF6-3C7E-4544-A0FF-EF70C7EB5038}.Debug|Any CPU.Build.0 = Debug|Any CPU
		{39312CF6-3C7E-4544-A0FF-EF70C7EB5038}.Release|Any CPU.ActiveCfg = Release|Any CPU
		{39312CF6-3C7E-4544-A0FF-EF70C7EB5038}.Release|Any CPU.Build.0 = Release|Any CPU
		{6B98F475-893F-4463-BE23-26CC8C09FEFE}.Debug|Any CPU.ActiveCfg = Debug|Any CPU
		{6B98F475-893F-4463-BE23-26CC8C09FEFE}.Debug|Any CPU.Build.0 = Debug|Any CPU
		{6B98F475-893F-4463-BE23-26CC8C09FEFE}.Release|Any CPU.ActiveCfg = Release|Any CPU
		{6B98F475-893F-4463-BE23-26CC8C09FEFE}.Release|Any CPU.Build.0 = Release|Any CPU
		{6D606AFA-1A81-4DF1-8F24-1EA6B5C33DE1}.Debug|Any CPU.ActiveCfg = Debug|Any CPU
		{6D606AFA-1A81-4DF1-8F24-1EA6B5C33DE1}.Debug|Any CPU.Build.0 = Debug|Any CPU
		{6D606AFA-1A81-4DF1-8F24-1EA6B5C33DE1}.Release|Any CPU.ActiveCfg = Release|Any CPU
		{6D606AFA-1A81-4DF1-8F24-1EA6B5C33DE1}.Release|Any CPU.Build.0 = Release|Any CPU
		{6A4EB624-B73C-4972-8D53-6BDD65E90F83}.Debug|Any CPU.ActiveCfg = Debug|Any CPU
		{6A4EB624-B73C-4972-8D53-6BDD65E90F83}.Debug|Any CPU.Build.0 = Debug|Any CPU
		{6A4EB624-B73C-4972-8D53-6BDD65E90F83}.Release|Any CPU.ActiveCfg = Release|Any CPU
		{6A4EB624-B73C-4972-8D53-6BDD65E90F83}.Release|Any CPU.Build.0 = Release|Any CPU
		{F15F500D-73E4-4C58-863D-AF620EEC84B0}.Debug|Any CPU.ActiveCfg = Debug|Any CPU
		{F15F500D-73E4-4C58-863D-AF620EEC84B0}.Debug|Any CPU.Build.0 = Debug|Any CPU
		{F15F500D-73E4-4C58-863D-AF620EEC84B0}.Release|Any CPU.ActiveCfg = Release|Any CPU
		{F15F500D-73E4-4C58-863D-AF620EEC84B0}.Release|Any CPU.Build.0 = Release|Any CPU
		{11E7D4C3-6D93-4D3D-8F12-EF4F40A0F947}.Debug|Any CPU.ActiveCfg = Debug|Any CPU
		{11E7D4C3-6D93-4D3D-8F12-EF4F40A0F947}.Debug|Any CPU.Build.0 = Debug|Any CPU
		{11E7D4C3-6D93-4D3D-8F12-EF4F40A0F947}.Release|Any CPU.ActiveCfg = Release|Any CPU
		{11E7D4C3-6D93-4D3D-8F12-EF4F40A0F947}.Release|Any CPU.Build.0 = Release|Any CPU
		{C0D4E145-ECA6-41CE-BE5B-E0EFF91DD088}.Debug|Any CPU.ActiveCfg = Debug|Any CPU
		{C0D4E145-ECA6-41CE-BE5B-E0EFF91DD088}.Debug|Any CPU.Build.0 = Debug|Any CPU
		{C0D4E145-ECA6-41CE-BE5B-E0EFF91DD088}.Release|Any CPU.ActiveCfg = Release|Any CPU
		{C0D4E145-ECA6-41CE-BE5B-E0EFF91DD088}.Release|Any CPU.Build.0 = Release|Any CPU
		{C7C1B97A-6290-43C9-BCBA-22CBC6CE31B6}.Debug|Any CPU.ActiveCfg = Debug|Any CPU
		{C7C1B97A-6290-43C9-BCBA-22CBC6CE31B6}.Debug|Any CPU.Build.0 = Debug|Any CPU
		{C7C1B97A-6290-43C9-BCBA-22CBC6CE31B6}.Release|Any CPU.ActiveCfg = Release|Any CPU
		{C7C1B97A-6290-43C9-BCBA-22CBC6CE31B6}.Release|Any CPU.Build.0 = Release|Any CPU
		{65BF5746-04AE-4E78-B015-CF2FA658DF19}.Debug|Any CPU.ActiveCfg = Debug|Any CPU
		{65BF5746-04AE-4E78-B015-CF2FA658DF19}.Debug|Any CPU.Build.0 = Debug|Any CPU
		{65BF5746-04AE-4E78-B015-CF2FA658DF19}.Release|Any CPU.ActiveCfg = Release|Any CPU
		{65BF5746-04AE-4E78-B015-CF2FA658DF19}.Release|Any CPU.Build.0 = Release|Any CPU
		{2D2FD47C-131A-46CB-8910-4B33A1F4740E}.Debug|Any CPU.ActiveCfg = Debug|Any CPU
		{2D2FD47C-131A-46CB-8910-4B33A1F4740E}.Debug|Any CPU.Build.0 = Debug|Any CPU
		{2D2FD47C-131A-46CB-8910-4B33A1F4740E}.Release|Any CPU.ActiveCfg = Release|Any CPU
		{2D2FD47C-131A-46CB-8910-4B33A1F4740E}.Release|Any CPU.Build.0 = Release|Any CPU
		{89CCD875-57F9-43C2-B3D9-10624C22BBDE}.Debug|Any CPU.ActiveCfg = Debug|Any CPU
		{89CCD875-57F9-43C2-B3D9-10624C22BBDE}.Debug|Any CPU.Build.0 = Debug|Any CPU
		{89CCD875-57F9-43C2-B3D9-10624C22BBDE}.Release|Any CPU.ActiveCfg = Release|Any CPU
		{89CCD875-57F9-43C2-B3D9-10624C22BBDE}.Release|Any CPU.Build.0 = Release|Any CPU
		{9062F136-D62F-4C26-9396-2A9C0B31ED24}.Debug|Any CPU.ActiveCfg = Debug|Any CPU
		{9062F136-D62F-4C26-9396-2A9C0B31ED24}.Debug|Any CPU.Build.0 = Debug|Any CPU
		{9062F136-D62F-4C26-9396-2A9C0B31ED24}.Release|Any CPU.ActiveCfg = Release|Any CPU
		{9062F136-D62F-4C26-9396-2A9C0B31ED24}.Release|Any CPU.Build.0 = Release|Any CPU
		{B38766EC-510A-4AEB-B064-2C4DE9902224}.Debug|Any CPU.ActiveCfg = Debug|Any CPU
		{B38766EC-510A-4AEB-B064-2C4DE9902224}.Debug|Any CPU.Build.0 = Debug|Any CPU
		{B38766EC-510A-4AEB-B064-2C4DE9902224}.Release|Any CPU.ActiveCfg = Release|Any CPU
		{B38766EC-510A-4AEB-B064-2C4DE9902224}.Release|Any CPU.Build.0 = Release|Any CPU
		{C2C4ADFE-76F8-4351-9D1A-837407B95E74}.Debug|Any CPU.ActiveCfg = Debug|Any CPU
		{C2C4ADFE-76F8-4351-9D1A-837407B95E74}.Debug|Any CPU.Build.0 = Debug|Any CPU
		{C2C4ADFE-76F8-4351-9D1A-837407B95E74}.Release|Any CPU.ActiveCfg = Release|Any CPU
		{C2C4ADFE-76F8-4351-9D1A-837407B95E74}.Release|Any CPU.Build.0 = Release|Any CPU
		{AD620D46-9680-4576-82C5-B19988130FE6}.Debug|Any CPU.ActiveCfg = Debug|Any CPU
		{AD620D46-9680-4576-82C5-B19988130FE6}.Debug|Any CPU.Build.0 = Debug|Any CPU
		{AD620D46-9680-4576-82C5-B19988130FE6}.Release|Any CPU.ActiveCfg = Release|Any CPU
		{AD620D46-9680-4576-82C5-B19988130FE6}.Release|Any CPU.Build.0 = Release|Any CPU
		{5371B8CA-B8E8-46AE-8653-1AA430084DEE}.Debug|Any CPU.ActiveCfg = Debug|Any CPU
		{5371B8CA-B8E8-46AE-8653-1AA430084DEE}.Debug|Any CPU.Build.0 = Debug|Any CPU
		{5371B8CA-B8E8-46AE-8653-1AA430084DEE}.Release|Any CPU.ActiveCfg = Release|Any CPU
		{5371B8CA-B8E8-46AE-8653-1AA430084DEE}.Release|Any CPU.Build.0 = Release|Any CPU
		{67D110CD-177E-4335-897F-C4563EBBADE8}.Debug|Any CPU.ActiveCfg = Debug|Any CPU
		{67D110CD-177E-4335-897F-C4563EBBADE8}.Debug|Any CPU.Build.0 = Debug|Any CPU
		{67D110CD-177E-4335-897F-C4563EBBADE8}.Release|Any CPU.ActiveCfg = Release|Any CPU
		{67D110CD-177E-4335-897F-C4563EBBADE8}.Release|Any CPU.Build.0 = Release|Any CPU
		{06507AB5-F257-4EB1-AF34-B4034261952E}.Debug|Any CPU.ActiveCfg = Debug|Any CPU
		{06507AB5-F257-4EB1-AF34-B4034261952E}.Debug|Any CPU.Build.0 = Debug|Any CPU
		{06507AB5-F257-4EB1-AF34-B4034261952E}.Release|Any CPU.ActiveCfg = Release|Any CPU
		{06507AB5-F257-4EB1-AF34-B4034261952E}.Release|Any CPU.Build.0 = Release|Any CPU
		{0379D724-9B01-4E2B-AE3C-0ABC5FEA479C}.Debug|Any CPU.ActiveCfg = Debug|Any CPU
		{0379D724-9B01-4E2B-AE3C-0ABC5FEA479C}.Debug|Any CPU.Build.0 = Debug|Any CPU
		{0379D724-9B01-4E2B-AE3C-0ABC5FEA479C}.Release|Any CPU.ActiveCfg = Release|Any CPU
		{0379D724-9B01-4E2B-AE3C-0ABC5FEA479C}.Release|Any CPU.Build.0 = Release|Any CPU
		{28991B47-246C-4EAB-9222-409F2DD89087}.Debug|Any CPU.ActiveCfg = Debug|Any CPU
		{28991B47-246C-4EAB-9222-409F2DD89087}.Debug|Any CPU.Build.0 = Debug|Any CPU
		{28991B47-246C-4EAB-9222-409F2DD89087}.Release|Any CPU.ActiveCfg = Release|Any CPU
		{28991B47-246C-4EAB-9222-409F2DD89087}.Release|Any CPU.Build.0 = Release|Any CPU
		{0E7C40F3-7248-41D6-B003-0CD61CAB03EE}.Debug|Any CPU.ActiveCfg = Debug|Any CPU
		{0E7C40F3-7248-41D6-B003-0CD61CAB03EE}.Debug|Any CPU.Build.0 = Debug|Any CPU
		{0E7C40F3-7248-41D6-B003-0CD61CAB03EE}.Release|Any CPU.ActiveCfg = Release|Any CPU
		{0E7C40F3-7248-41D6-B003-0CD61CAB03EE}.Release|Any CPU.Build.0 = Release|Any CPU
		{C26BA76F-AD7B-415F-97B1-7826FAA97E99}.Debug|Any CPU.ActiveCfg = Debug|Any CPU
		{C26BA76F-AD7B-415F-97B1-7826FAA97E99}.Debug|Any CPU.Build.0 = Debug|Any CPU
		{C26BA76F-AD7B-415F-97B1-7826FAA97E99}.Release|Any CPU.ActiveCfg = Release|Any CPU
		{C26BA76F-AD7B-415F-97B1-7826FAA97E99}.Release|Any CPU.Build.0 = Release|Any CPU
		{3BC63424-20A4-4DB4-8371-81A3ADCEC4B6}.Debug|Any CPU.ActiveCfg = Debug|Any CPU
		{3BC63424-20A4-4DB4-8371-81A3ADCEC4B6}.Debug|Any CPU.Build.0 = Debug|Any CPU
		{3BC63424-20A4-4DB4-8371-81A3ADCEC4B6}.Release|Any CPU.ActiveCfg = Release|Any CPU
		{3BC63424-20A4-4DB4-8371-81A3ADCEC4B6}.Release|Any CPU.Build.0 = Release|Any CPU
		{4ECEC018-34CF-44DC-A679-4EEEA519C6E8}.Debug|Any CPU.ActiveCfg = Debug|Any CPU
		{4ECEC018-34CF-44DC-A679-4EEEA519C6E8}.Debug|Any CPU.Build.0 = Debug|Any CPU
		{4ECEC018-34CF-44DC-A679-4EEEA519C6E8}.Release|Any CPU.ActiveCfg = Release|Any CPU
		{4ECEC018-34CF-44DC-A679-4EEEA519C6E8}.Release|Any CPU.Build.0 = Release|Any CPU
		{23D6CE37-1D25-49F0-A5B5-2ACEFE792E74}.Debug|Any CPU.ActiveCfg = Debug|Any CPU
		{23D6CE37-1D25-49F0-A5B5-2ACEFE792E74}.Debug|Any CPU.Build.0 = Debug|Any CPU
		{23D6CE37-1D25-49F0-A5B5-2ACEFE792E74}.Release|Any CPU.ActiveCfg = Release|Any CPU
		{23D6CE37-1D25-49F0-A5B5-2ACEFE792E74}.Release|Any CPU.Build.0 = Release|Any CPU
		{AE707F46-E094-481F-8FA0-8369087518B2}.Debug|Any CPU.ActiveCfg = Debug|Any CPU
		{AE707F46-E094-481F-8FA0-8369087518B2}.Debug|Any CPU.Build.0 = Debug|Any CPU
		{AE707F46-E094-481F-8FA0-8369087518B2}.Release|Any CPU.ActiveCfg = Release|Any CPU
		{AE707F46-E094-481F-8FA0-8369087518B2}.Release|Any CPU.Build.0 = Release|Any CPU
		{4CAD3719-D1F4-488C-8FAF-46DE7072B54D}.Debug|Any CPU.ActiveCfg = Debug|Any CPU
		{4CAD3719-D1F4-488C-8FAF-46DE7072B54D}.Debug|Any CPU.Build.0 = Debug|Any CPU
		{4CAD3719-D1F4-488C-8FAF-46DE7072B54D}.Release|Any CPU.ActiveCfg = Release|Any CPU
		{4CAD3719-D1F4-488C-8FAF-46DE7072B54D}.Release|Any CPU.Build.0 = Release|Any CPU
		{9717B140-AA76-4572-89BF-A1CDFF8A2DD9}.Debug|Any CPU.ActiveCfg = Debug|Any CPU
		{9717B140-AA76-4572-89BF-A1CDFF8A2DD9}.Debug|Any CPU.Build.0 = Debug|Any CPU
		{9717B140-AA76-4572-89BF-A1CDFF8A2DD9}.Release|Any CPU.ActiveCfg = Release|Any CPU
		{9717B140-AA76-4572-89BF-A1CDFF8A2DD9}.Release|Any CPU.Build.0 = Release|Any CPU
	EndGlobalSection
	GlobalSection(SolutionProperties) = preSolution
		HideSolutionNode = FALSE
	EndGlobalSection
	GlobalSection(NestedProjects) = preSolution
		{3FDF0461-A8F2-456A-AD00-DAE87692E41A} = {61B0A045-9E39-43A0-A55B-65C6C43B7470}
		{30A42FA5-C155-4395-B922-B7483E523438} = {61B0A045-9E39-43A0-A55B-65C6C43B7470}
		{39312CF6-3C7E-4544-A0FF-EF70C7EB5038} = {61B0A045-9E39-43A0-A55B-65C6C43B7470}
		{6B98F475-893F-4463-BE23-26CC8C09FEFE} = {61B0A045-9E39-43A0-A55B-65C6C43B7470}
		{6D606AFA-1A81-4DF1-8F24-1EA6B5C33DE1} = {61B0A045-9E39-43A0-A55B-65C6C43B7470}
		{6A4EB624-B73C-4972-8D53-6BDD65E90F83} = {61B0A045-9E39-43A0-A55B-65C6C43B7470}
		{F15F500D-73E4-4C58-863D-AF620EEC84B0} = {61B0A045-9E39-43A0-A55B-65C6C43B7470}
		{11E7D4C3-6D93-4D3D-8F12-EF4F40A0F947} = {61B0A045-9E39-43A0-A55B-65C6C43B7470}
		{C0D4E145-ECA6-41CE-BE5B-E0EFF91DD088} = {61B0A045-9E39-43A0-A55B-65C6C43B7470}
		{C7C1B97A-6290-43C9-BCBA-22CBC6CE31B6} = {61B0A045-9E39-43A0-A55B-65C6C43B7470}
		{65BF5746-04AE-4E78-B015-CF2FA658DF19} = {C72258B5-9A89-47AB-BC1E-D148E0A1DE70}
		{2D2FD47C-131A-46CB-8910-4B33A1F4740E} = {C72258B5-9A89-47AB-BC1E-D148E0A1DE70}
		{89CCD875-57F9-43C2-B3D9-10624C22BBDE} = {C72258B5-9A89-47AB-BC1E-D148E0A1DE70}
		{9062F136-D62F-4C26-9396-2A9C0B31ED24} = {C72258B5-9A89-47AB-BC1E-D148E0A1DE70}
		{B38766EC-510A-4AEB-B064-2C4DE9902224} = {C72258B5-9A89-47AB-BC1E-D148E0A1DE70}
		{C2C4ADFE-76F8-4351-9D1A-837407B95E74} = {C72258B5-9A89-47AB-BC1E-D148E0A1DE70}
		{AD620D46-9680-4576-82C5-B19988130FE6} = {C72258B5-9A89-47AB-BC1E-D148E0A1DE70}
		{5371B8CA-B8E8-46AE-8653-1AA430084DEE} = {C72258B5-9A89-47AB-BC1E-D148E0A1DE70}
		{67D110CD-177E-4335-897F-C4563EBBADE8} = {61B0A045-9E39-43A0-A55B-65C6C43B7470}
		{06507AB5-F257-4EB1-AF34-B4034261952E} = {A5491CE1-C0DC-489E-98CE-13DFD5E68AF3}
		{0379D724-9B01-4E2B-AE3C-0ABC5FEA479C} = {A5491CE1-C0DC-489E-98CE-13DFD5E68AF3}
		{28991B47-246C-4EAB-9222-409F2DD89087} = {A5491CE1-C0DC-489E-98CE-13DFD5E68AF3}
		{0E7C40F3-7248-41D6-B003-0CD61CAB03EE} = {A5491CE1-C0DC-489E-98CE-13DFD5E68AF3}
		{C26BA76F-AD7B-415F-97B1-7826FAA97E99} = {A5491CE1-C0DC-489E-98CE-13DFD5E68AF3}
		{3BC63424-20A4-4DB4-8371-81A3ADCEC4B6} = {A5491CE1-C0DC-489E-98CE-13DFD5E68AF3}
		{4ECEC018-34CF-44DC-A679-4EEEA519C6E8} = {A5491CE1-C0DC-489E-98CE-13DFD5E68AF3}
		{23D6CE37-1D25-49F0-A5B5-2ACEFE792E74} = {A5491CE1-C0DC-489E-98CE-13DFD5E68AF3}
		{AE707F46-E094-481F-8FA0-8369087518B2} = {A5491CE1-C0DC-489E-98CE-13DFD5E68AF3}
		{4CAD3719-D1F4-488C-8FAF-46DE7072B54D} = {A5491CE1-C0DC-489E-98CE-13DFD5E68AF3}
		{9717B140-AA76-4572-89BF-A1CDFF8A2DD9} = {A5491CE1-C0DC-489E-98CE-13DFD5E68AF3}
	EndGlobalSection
	GlobalSection(ExtensibilityGlobals) = postSolution
		SolutionGuid = {82309455-842C-4A29-9477-C7064639367B}
	EndGlobalSection
EndGlobal
